
Microsoft Visual Studio Solution File, Format Version 12.00
# Visual Studio Version 16
VisualStudioVersion = 16.0.31129.286
MinimumVisualStudioVersion = 10.0.40219.1
Project("{FAE04EC0-301F-11D3-BF4B-00C04F79EFBC}") = "zarplata", "zarplata\zarplata.csproj", "{D80382D8-E661-4D72-9B5E-406F0EED1B42}"
EndProject
Global
	GlobalSection(SolutionConfigurationPlatforms) = preSolution
		Debug|Any CPU = Debug|Any CPU
		Release|Any CPU = Release|Any CPU
	EndGlobalSection
	GlobalSection(ProjectConfigurationPlatforms) = postSolution
		{D80382D8-E661-4D72-9B5E-406F0EED1B42}.Debug|Any CPU.ActiveCfg = Debug|Any CPU
		{D80382D8-E661-4D72-9B5E-406F0EED1B42}.Debug|Any CPU.Build.0 = Debug|Any CPU
		{D80382D8-E661-4D72-9B5E-406F0EED1B42}.Release|Any CPU.ActiveCfg = Release|Any CPU
		{D80382D8-E661-4D72-9B5E-406F0EED1B42}.Release|Any CPU.Build.0 = Release|Any CPU
	EndGlobalSection
	GlobalSection(SolutionProperties) = preSolution
		HideSolutionNode = FALSE
	EndGlobalSection
	GlobalSection(ExtensibilityGlobals) = postSolution
		SolutionGuid = {88BF743A-4BE9-4FE7-B671-0E29B7D25609}
	EndGlobalSection
EndGlobal
